
Microsoft Visual Studio Solution File, Format Version 12.00
# Visual Studio Version 17
VisualStudioVersion = 17.12.35707.178
MinimumVisualStudioVersion = 10.0.40219.1
Project("{FAE04EC0-301F-11D3-BF4B-00C04F79EFBC}") = "InventoryFlow", "InventoryFlow\InventoryFlow.csproj", "{007FE5E2-1140-47F0-BA3C-0681E03FA467}"
EndProject
Project("{2150E333-8FDC-42A3-9474-1A3956D46DE8}") = "Solution Items", "Solution Items", "{CDCE52BB-6ED5-42C4-9C06-A75CAFE083A5}"
	ProjectSection(SolutionItems) = preProject
		.editorconfig = .editorconfig
	EndProjectSection
EndProject
Global
	GlobalSection(SolutionConfigurationPlatforms) = preSolution
		Debug|Any CPU = Debug|Any CPU
		Release|Any CPU = Release|Any CPU
	EndGlobalSection
	GlobalSection(ProjectConfigurationPlatforms) = postSolution
		{007FE5E2-1140-47F0-BA3C-0681E03FA467}.Debug|Any CPU.ActiveCfg = Debug|Any CPU
		{007FE5E2-1140-47F0-BA3C-0681E03FA467}.Debug|Any CPU.Build.0 = Debug|Any CPU
		{007FE5E2-1140-47F0-BA3C-0681E03FA467}.Release|Any CPU.ActiveCfg = Release|Any CPU
		{007FE5E2-1140-47F0-BA3C-0681E03FA467}.Release|Any CPU.Build.0 = Release|Any CPU
	EndGlobalSection
	GlobalSection(SolutionProperties) = preSolution
		HideSolutionNode = FALSE
	EndGlobalSection
EndGlobal
